
Microsoft Visual Studio Solution File, Format Version 11.00
# Visual C++ Express 2010
Project("{8BC9CEB8-8B4A-11D0-8D11-00A0C91BC942}") = "Lab 10 2", "Lab 10 2\Lab 10 2.vcxproj", "{1AE1E7F7-8C3B-4F30-97D4-B356AF661B7F}"
EndProject
Global
	GlobalSection(SolutionConfigurationPlatforms) = preSolution
		Debug|Win32 = Debug|Win32
		Release|Win32 = Release|Win32
	EndGlobalSection
	GlobalSection(ProjectConfigurationPlatforms) = postSolution
		{1AE1E7F7-8C3B-4F30-97D4-B356AF661B7F}.Debug|Win32.ActiveCfg = Debug|Win32
		{1AE1E7F7-8C3B-4F30-97D4-B356AF661B7F}.Debug|Win32.Build.0 = Debug|Win32
		{1AE1E7F7-8C3B-4F30-97D4-B356AF661B7F}.Release|Win32.ActiveCfg = Release|Win32
		{1AE1E7F7-8C3B-4F30-97D4-B356AF661B7F}.Release|Win32.Build.0 = Release|Win32
	EndGlobalSection
	GlobalSection(SolutionProperties) = preSolution
		HideSolutionNode = FALSE
	EndGlobalSection
EndGlobal
