
Microsoft Visual Studio Solution File, Format Version 11.00
# Visual C++ Express 2010
Project("{8BC9CEB8-8B4A-11D0-8D11-00A0C91BC942}") = "Lab 6 test", "Lab 6 test\Lab 6 test.vcxproj", "{3B510071-5B5C-4C07-9BE5-AF241F5A54FE}"
EndProject
Global
	GlobalSection(SolutionConfigurationPlatforms) = preSolution
		Debug|Win32 = Debug|Win32
		Release|Win32 = Release|Win32
	EndGlobalSection
	GlobalSection(ProjectConfigurationPlatforms) = postSolution
		{3B510071-5B5C-4C07-9BE5-AF241F5A54FE}.Debug|Win32.ActiveCfg = Debug|Win32
		{3B510071-5B5C-4C07-9BE5-AF241F5A54FE}.Debug|Win32.Build.0 = Debug|Win32
		{3B510071-5B5C-4C07-9BE5-AF241F5A54FE}.Release|Win32.ActiveCfg = Release|Win32
		{3B510071-5B5C-4C07-9BE5-AF241F5A54FE}.Release|Win32.Build.0 = Release|Win32
	EndGlobalSection
	GlobalSection(SolutionProperties) = preSolution
		HideSolutionNode = FALSE
	EndGlobalSection
EndGlobal
