
Microsoft Visual Studio Solution File, Format Version 11.00
# Visual C++ Express 2010
Project("{8BC9CEB8-8B4A-11D0-8D11-00A0C91BC942}") = "Class", "Class\Class.vcxproj", "{C8E97CBD-CEA4-46F3-964F-3A4CAC55C6F0}"
EndProject
Global
	GlobalSection(SolutionConfigurationPlatforms) = preSolution
		Debug|Win32 = Debug|Win32
		Release|Win32 = Release|Win32
	EndGlobalSection
	GlobalSection(ProjectConfigurationPlatforms) = postSolution
		{C8E97CBD-CEA4-46F3-964F-3A4CAC55C6F0}.Debug|Win32.ActiveCfg = Debug|Win32
		{C8E97CBD-CEA4-46F3-964F-3A4CAC55C6F0}.Debug|Win32.Build.0 = Debug|Win32
		{C8E97CBD-CEA4-46F3-964F-3A4CAC55C6F0}.Release|Win32.ActiveCfg = Release|Win32
		{C8E97CBD-CEA4-46F3-964F-3A4CAC55C6F0}.Release|Win32.Build.0 = Release|Win32
	EndGlobalSection
	GlobalSection(SolutionProperties) = preSolution
		HideSolutionNode = FALSE
	EndGlobalSection
EndGlobal
