
Microsoft Visual Studio Solution File, Format Version 11.00
# Visual C++ Express 2010
Project("{8BC9CEB8-8B4A-11D0-8D11-00A0C91BC942}") = "Vectors", "Vectors\Vectors.vcxproj", "{690FDB6F-6FFF-472C-B4EE-14DBE9D2DA35}"
EndProject
Global
	GlobalSection(SolutionConfigurationPlatforms) = preSolution
		Debug|Win32 = Debug|Win32
		Release|Win32 = Release|Win32
	EndGlobalSection
	GlobalSection(ProjectConfigurationPlatforms) = postSolution
		{690FDB6F-6FFF-472C-B4EE-14DBE9D2DA35}.Debug|Win32.ActiveCfg = Debug|Win32
		{690FDB6F-6FFF-472C-B4EE-14DBE9D2DA35}.Debug|Win32.Build.0 = Debug|Win32
		{690FDB6F-6FFF-472C-B4EE-14DBE9D2DA35}.Release|Win32.ActiveCfg = Release|Win32
		{690FDB6F-6FFF-472C-B4EE-14DBE9D2DA35}.Release|Win32.Build.0 = Release|Win32
	EndGlobalSection
	GlobalSection(SolutionProperties) = preSolution
		HideSolutionNode = FALSE
	EndGlobalSection
EndGlobal
