
Microsoft Visual Studio Solution File, Format Version 11.00
# Visual C++ Express 2010
Project("{8BC9CEB8-8B4A-11D0-8D11-00A0C91BC942}") = "Midterm 2", "Midterm 2\Midterm 2.vcxproj", "{23DE83DD-FE46-49EB-AD87-A8BAF77C42D0}"
EndProject
Global
	GlobalSection(SolutionConfigurationPlatforms) = preSolution
		Debug|Win32 = Debug|Win32
		Release|Win32 = Release|Win32
	EndGlobalSection
	GlobalSection(ProjectConfigurationPlatforms) = postSolution
		{23DE83DD-FE46-49EB-AD87-A8BAF77C42D0}.Debug|Win32.ActiveCfg = Debug|Win32
		{23DE83DD-FE46-49EB-AD87-A8BAF77C42D0}.Debug|Win32.Build.0 = Debug|Win32
		{23DE83DD-FE46-49EB-AD87-A8BAF77C42D0}.Release|Win32.ActiveCfg = Release|Win32
		{23DE83DD-FE46-49EB-AD87-A8BAF77C42D0}.Release|Win32.Build.0 = Release|Win32
	EndGlobalSection
	GlobalSection(SolutionProperties) = preSolution
		HideSolutionNode = FALSE
	EndGlobalSection
EndGlobal
