
Microsoft Visual Studio Solution File, Format Version 11.00
# Visual C++ Express 2010
Project("{8BC9CEB8-8B4A-11D0-8D11-00A0C91BC942}") = "Lab 3", "Lab 3\Lab 3.vcxproj", "{9A8812FD-FF7A-4EBC-A8B0-F1A495A6EDA3}"
EndProject
Global
	GlobalSection(SolutionConfigurationPlatforms) = preSolution
		Debug|Win32 = Debug|Win32
		Release|Win32 = Release|Win32
	EndGlobalSection
	GlobalSection(ProjectConfigurationPlatforms) = postSolution
		{9A8812FD-FF7A-4EBC-A8B0-F1A495A6EDA3}.Debug|Win32.ActiveCfg = Debug|Win32
		{9A8812FD-FF7A-4EBC-A8B0-F1A495A6EDA3}.Debug|Win32.Build.0 = Debug|Win32
		{9A8812FD-FF7A-4EBC-A8B0-F1A495A6EDA3}.Release|Win32.ActiveCfg = Release|Win32
		{9A8812FD-FF7A-4EBC-A8B0-F1A495A6EDA3}.Release|Win32.Build.0 = Release|Win32
	EndGlobalSection
	GlobalSection(SolutionProperties) = preSolution
		HideSolutionNode = FALSE
	EndGlobalSection
EndGlobal
