
Microsoft Visual Studio Solution File, Format Version 11.00
# Visual C++ Express 2010
Project("{8BC9CEB8-8B4A-11D0-8D11-00A0C91BC942}") = "Lab 2", "Lab 2\Lab 2.vcxproj", "{C12378E6-5607-45E6-8D2D-FD15C40DFA2B}"
EndProject
Global
	GlobalSection(SolutionConfigurationPlatforms) = preSolution
		Debug|Win32 = Debug|Win32
		Release|Win32 = Release|Win32
	EndGlobalSection
	GlobalSection(ProjectConfigurationPlatforms) = postSolution
		{C12378E6-5607-45E6-8D2D-FD15C40DFA2B}.Debug|Win32.ActiveCfg = Debug|Win32
		{C12378E6-5607-45E6-8D2D-FD15C40DFA2B}.Debug|Win32.Build.0 = Debug|Win32
		{C12378E6-5607-45E6-8D2D-FD15C40DFA2B}.Release|Win32.ActiveCfg = Release|Win32
		{C12378E6-5607-45E6-8D2D-FD15C40DFA2B}.Release|Win32.Build.0 = Release|Win32
	EndGlobalSection
	GlobalSection(SolutionProperties) = preSolution
		HideSolutionNode = FALSE
	EndGlobalSection
EndGlobal
