
Microsoft Visual Studio Solution File, Format Version 11.00
# Visual C++ Express 2010
Project("{8BC9CEB8-8B4A-11D0-8D11-00A0C91BC942}") = "Recursion", "Recursion\Recursion.vcxproj", "{A02DAFA4-72FE-4A11-864A-33238CAFE9CB}"
EndProject
Global
	GlobalSection(SolutionConfigurationPlatforms) = preSolution
		Debug|Win32 = Debug|Win32
		Release|Win32 = Release|Win32
	EndGlobalSection
	GlobalSection(ProjectConfigurationPlatforms) = postSolution
		{A02DAFA4-72FE-4A11-864A-33238CAFE9CB}.Debug|Win32.ActiveCfg = Debug|Win32
		{A02DAFA4-72FE-4A11-864A-33238CAFE9CB}.Debug|Win32.Build.0 = Debug|Win32
		{A02DAFA4-72FE-4A11-864A-33238CAFE9CB}.Release|Win32.ActiveCfg = Release|Win32
		{A02DAFA4-72FE-4A11-864A-33238CAFE9CB}.Release|Win32.Build.0 = Release|Win32
	EndGlobalSection
	GlobalSection(SolutionProperties) = preSolution
		HideSolutionNode = FALSE
	EndGlobalSection
EndGlobal
